// !$*UTF8*$!
{
	archiveVersion = 1;
	classes = {
	};
	objectVersion = 50;
	objects = {

/* Begin PBXBuildFile section */
		493656A624C4BCBF000C4124 /* AnxietyController.swift in Sources */ = {isa = PBXBuildFile; fileRef = 493656A524C4BCBF000C4124 /* AnxietyController.swift */; };
		FB35E76324C4C7DD0066DDCB /* InsomniaController.swift in Sources */ = {isa = PBXBuildFile; fileRef = FB35E76224C4C7DD0066DDCB /* InsomniaController.swift */; };
		FB5CBF5D24ADCF0C00FE8B23 /* AppDelegate.swift in Sources */ = {isa = PBXBuildFile; fileRef = FB5CBF5C24ADCF0C00FE8B23 /* AppDelegate.swift */; };
		FB5CBF5F24ADCF0C00FE8B23 /* SceneDelegate.swift in Sources */ = {isa = PBXBuildFile; fileRef = FB5CBF5E24ADCF0C00FE8B23 /* SceneDelegate.swift */; };
		FB5CBF6124ADCF0C00FE8B23 /* ViewController.swift in Sources */ = {isa = PBXBuildFile; fileRef = FB5CBF6024ADCF0C00FE8B23 /* ViewController.swift */; };
		FB5CBF6424ADCF0C00FE8B23 /* Main.storyboard in Resources */ = {isa = PBXBuildFile; fileRef = FB5CBF6224ADCF0C00FE8B23 /* Main.storyboard */; };
		FB5CBF6624ADCF1700FE8B23 /* Assets.xcassets in Resources */ = {isa = PBXBuildFile; fileRef = FB5CBF6524ADCF1700FE8B23 /* Assets.xcassets */; };
		FB5CBF6924ADCF1700FE8B23 /* LaunchScreen.storyboard in Resources */ = {isa = PBXBuildFile; fileRef = FB5CBF6724ADCF1700FE8B23 /* LaunchScreen.storyboard */; };
/* End PBXBuildFile section */

/* Begin PBXFileReference section */
		493656A524C4BCBF000C4124 /* AnxietyController.swift */ = {isa = PBXFileReference; lastKnownFileType = sourcecode.swift; path = AnxietyController.swift; sourceTree = "<group>"; };
		FB35E76224C4C7DD0066DDCB /* InsomniaController.swift */ = {isa = PBXFileReference; lastKnownFileType = sourcecode.swift; path = InsomniaController.swift; sourceTree = "<group>"; };
		FB5CBF5924ADCF0C00FE8B23 /* Tests For Teens.app */ = {isa = PBXFileReference; explicitFileType = wrapper.application; includeInIndex = 0; path = "Tests For Teens.app"; sourceTree = BUILT_PRODUCTS_DIR; };
		FB5CBF5C24ADCF0C00FE8B23 /* AppDelegate.swift */ = {isa = PBXFileReference; lastKnownFileType = sourcecode.swift; path = AppDelegate.swift; sourceTree = "<group>"; };
		FB5CBF5E24ADCF0C00FE8B23 /* SceneDelegate.swift */ = {isa = PBXFileReference; lastKnownFileType = sourcecode.swift; path = SceneDelegate.swift; sourceTree = "<group>"; };
		FB5CBF6024ADCF0C00FE8B23 /* ViewController.swift */ = {isa = PBXFileReference; lastKnownFileType = sourcecode.swift; path = ViewController.swift; sourceTree = "<group>"; };
		FB5CBF6324ADCF0C00FE8B23 /* Base */ = {isa = PBXFileReference; lastKnownFileType = file.storyboard; name = Base; path = Base.lproj/Main.storyboard; sourceTree = "<group>"; };
		FB5CBF6524ADCF1700FE8B23 /* Assets.xcassets */ = {isa = PBXFileReference; lastKnownFileType = folder.assetcatalog; path = Assets.xcassets; sourceTree = "<group>"; };
		FB5CBF6824ADCF1700FE8B23 /* Base */ = {isa = PBXFileReference; lastKnownFileType = file.storyboard; name = Base; path = Base.lproj/LaunchScreen.storyboard; sourceTree = "<group>"; };
		FB5CBF6A24ADCF1700FE8B23 /* Info.plist */ = {isa = PBXFileReference; lastKnownFileType = text.plist.xml; path = Info.plist; sourceTree = "<group>"; };
/* End PBXFileReference section */

/* Begin PBXFrameworksBuildPhase section */
		FB5CBF5624ADCF0C00FE8B23 /* Frameworks */ = {
			isa = PBXFrameworksBuildPhase;
			buildActionMask = 2147483647;
			files = (
			);
			runOnlyForDeploymentPostprocessing = 0;
		};
/* End PBXFrameworksBuildPhase section */

/* Begin PBXGroup section */
		FB5CBF5024ADCF0C00FE8B23 = {
			isa = PBXGroup;
			children = (
				FB5CBF5B24ADCF0C00FE8B23 /* Tests For Teens */,
				FB5CBF5A24ADCF0C00FE8B23 /* Products */,
			);
			sourceTree = "<group>";
		};
		FB5CBF5A24ADCF0C00FE8B23 /* Products */ = {
			isa = PBXGroup;
			children = (
				FB5CBF5924ADCF0C00FE8B23 /* Tests For Teens.app */,
			);
			name = Products;
			sourceTree = "<group>";
		};
		FB5CBF5B24ADCF0C00FE8B23 /* Tests For Teens */ = {
			isa = PBXGroup;
			children = (
				FB5CBF5C24ADCF0C00FE8B23 /* AppDelegate.swift */,
				FB5CBF5E24ADCF0C00FE8B23 /* SceneDelegate.swift */,
				FB5CBF6024ADCF0C00FE8B23 /* ViewController.swift */,
				FB5CBF6224ADCF0C00FE8B23 /* Main.storyboard */,
				FB5CBF6524ADCF1700FE8B23 /* Assets.xcassets */,
				FB5CBF6724ADCF1700FE8B23 /* LaunchScreen.storyboard */,
				FB5CBF6A24ADCF1700FE8B23 /* Info.plist */,
				493656A524C4BCBF000C4124 /* AnxietyController.swift */,
				FB35E76224C4C7DD0066DDCB /* InsomniaController.swift */,
			);
			path = "Tests For Teens";
			sourceTree = "<group>";
		};
/* End PBXGroup section */

/* Begin PBXNativeTarget section */
		FB5CBF5824ADCF0C00FE8B23 /* Tests For Teens */ = {
			isa = PBXNativeTarget;
			buildConfigurationList = FB5CBF6D24ADCF1700FE8B23 /* Build configuration list for PBXNativeTarget "Tests For Teens" */;
			buildPhases = (
				FB5CBF5524ADCF0C00FE8B23 /* Sources */,
				FB5CBF5624ADCF0C00FE8B23 /* Frameworks */,
				FB5CBF5724ADCF0C00FE8B23 /* Resources */,
			);
			buildRules = (
			);
			dependencies = (
			);
			name = "Tests For Teens";
			productName = "Tests For Teens";
			productReference = FB5CBF5924ADCF0C00FE8B23 /* Tests For Teens.app */;
			productType = "com.apple.product-type.application";
		};
/* End PBXNativeTarget section */

/* Begin PBXProject section */
		FB5CBF5124ADCF0C00FE8B23 /* Project object */ = {
			isa = PBXProject;
			attributes = {
				LastSwiftUpdateCheck = 1150;
				LastUpgradeCheck = 1150;
				ORGANIZATIONNAME = "Smriti Srinivasan";
				TargetAttributes = {
					FB5CBF5824ADCF0C00FE8B23 = {
						CreatedOnToolsVersion = 11.5;
					};
				};
			};
			buildConfigurationList = FB5CBF5424ADCF0C00FE8B23 /* Build configuration list for PBXProject "Tests For Teens" */;
			compatibilityVersion = "Xcode 9.3";
			developmentRegion = en;
			hasScannedForEncodings = 0;
			knownRegions = (
				en,
				Base,
			);
			mainGroup = FB5CBF5024ADCF0C00FE8B23;
			productRefGroup = FB5CBF5A24ADCF0C00FE8B23 /* Products */;
			projectDirPath = "";
			projectRoot = "";
			targets = (
				FB5CBF5824ADCF0C00FE8B23 /* Tests For Teens */,
			);
		};
/* End PBXProject section */

/* Begin PBXResourcesBuildPhase section */
		FB5CBF5724ADCF0C00FE8B23 /* Resources */ = {
			isa = PBXResourcesBuildPhase;
			buildActionMask = 2147483647;
			files = (
				FB5CBF6924ADCF1700FE8B23 /* LaunchScreen.storyboard in Resources */,
				FB5CBF6624ADCF1700FE8B23 /* Assets.xcassets in Resources */,
				FB5CBF6424ADCF0C00FE8B23 /* Main.storyboard in Resources */,
			);
			runOnlyForDeploymentPostprocessing = 0;
		};
/* End PBXResourcesBuildPhase section */

/* Begin PBXSourcesBuildPhase section */
		FB5CBF5524ADCF0C00FE8B23 /* Sources */ = {
			isa = PBXSourcesBuildPhase;
			buildActionMask = 2147483647;
			files = (
				493656A624C4BCBF000C4124 /* AnxietyController.swift in Sources */,
				FB5CBF6124ADCF0C00FE8B23 /* ViewController.swift in Sources */,
				FB35E76324C4C7DD0066DDCB /* InsomniaController.swift in Sources */,
				FB5CBF5D24ADCF0C00FE8B23 /* AppDelegate.swift in Sources */,
				FB5CBF5F24ADCF0C00FE8B23 /* SceneDelegate.swift in Sources */,
			);
			runOnlyForDeploymentPostprocessing = 0;
		};
/* End PBXSourcesBuildPhase section */

/* Begin PBXVariantGroup section */
		FB5CBF6224ADCF0C00FE8B23 /* Main.storyboard */ = {
			isa = PBXVariantGroup;
			children = (
				FB5CBF6324ADCF0C00FE8B23 /* Base */,
			);
			name = Main.storyboard;
			sourceTree = "<group>";
		};
		FB5CBF6724ADCF1700FE8B23 /* LaunchScreen.storyboard */ = {
			isa = PBXVariantGroup;
			children = (
				FB5CBF6824ADCF1700FE8B23 /* Base */,
			);
			name = LaunchScreen.storyboard;
			sourceTree = "<group>";
		};
/* End PBXVariantGroup section */

/* Begin XCBuildConfiguration section */
		FB5CBF6B24ADCF1700FE8B23 /* Debug */ = {
			isa = XCBuildConfiguration;
			buildSettings = {
				ALWAYS_SEARCH_USER_PATHS = NO;
				CLANG_ANALYZER_NONNULL = YES;
				CLANG_ANALYZER_NUMBER_OBJECT_CONVERSION = YES_AGGRESSIVE;
				CLANG_CXX_LANGUAGE_STANDARD = "gnu++14";
				CLANG_CXX_LIBRARY = "libc++";
				CLANG_ENABLE_MODULES = YES;
				CLANG_ENABLE_OBJC_ARC = YES;
				CLANG_ENABLE_OBJC_WEAK = YES;
				CLANG_WARN_BLOCK_CAPTURE_AUTORELEASING = YES;
				CLANG_WARN_BOOL_CONVERSION = YES;
				CLANG_WARN_COMMA = YES;
				CLANG_WARN_CONSTANT_CONVERSION = YES;
				CLANG_WARN_DEPRECATED_OBJC_IMPLEMENTATIONS = YES;
				CLANG_WARN_DIRECT_OBJC_ISA_USAGE = YES_ERROR;
				CLANG_WARN_DOCUMENTATION_COMMENTS = YES;
				CLANG_WARN_EMPTY_BODY = YES;
				CLANG_WARN_ENUM_CONVERSION = YES;
				CLANG_WARN_INFINITE_RECURSION = YES;
				CLANG_WARN_INT_CONVERSION = YES;
				CLANG_WARN_NON_LITERAL_NULL_CONVERSION = YES;
				CLANG_WARN_OBJC_IMPLICIT_RETAIN_SELF = YES;
				CLANG_WARN_OBJC_LITERAL_CONVERSION = YES;
				CLANG_WARN_OBJC_ROOT_CLASS = YES_ERROR;
				CLANG_WARN_RANGE_LOOP_ANALYSIS = YES;
				CLANG_WARN_STRICT_PROTOTYPES = YES;
				CLANG_WARN_SUSPICIOUS_MOVE = YES;
				CLANG_WARN_UNGUARDED_AVAILABILITY = YES_AGGRESSIVE;
				CLANG_WARN_UNREACHABLE_CODE = YES;
				CLANG_WARN__DUPLICATE_METHOD_MATCH = YES;
				COPY_PHASE_STRIP = NO;
				DEBUG_INFORMATION_FORMAT = dwarf;
				ENABLE_STRICT_OBJC_MSGSEND = YES;
				ENABLE_TESTABILITY = YES;
				GCC_C_LANGUAGE_STANDARD = gnu11;
				GCC_DYNAMIC_NO_PIC = NO;
				GCC_NO_COMMON_BLOCKS = YES;
				GCC_OPTIMIZATION_LEVEL = 0;
				GCC_PREPROCESSOR_DEFINITIONS = (
					"DEBUG=1",
					"$(inherited)",
				);
				GCC_WARN_64_TO_32_BIT_CONVERSION = YES;
				GCC_WARN_ABOUT_RETURN_TYPE = YES_ERROR;
				GCC_WARN_UNDECLARED_SELECTOR = YES;
				GCC_WARN_UNINITIALIZED_AUTOS = YES_AGGRESSIVE;
				GCC_WARN_UNUSED_FUNCTION = YES;
				GCC_WARN_UNUSED_VARIABLE = YES;
				IPHONEOS_DEPLOYMENT_TARGET = 13.5;
				MTL_ENABLE_DEBUG_INFO = INCLUDE_SOURCE;
				MTL_FAST_MATH = YES;
				ONLY_ACTIVE_ARCH = YES;
				SDKROOT = iphoneos;
				SWIFT_ACTIVE_COMPILATION_CONDITIONS = DEBUG;
				SWIFT_OPTIMIZATION_LEVEL = "-Onone";
			};
			name = Debug;
		};
		FB5CBF6C24ADCF1700FE8B23 /* Release */ = {
			isa = XCBuildConfiguration;
			buildSettings = {
				ALWAYS_SEARCH_USER_PATHS = NO;
				CLANG_ANALYZER_NONNULL = YES;
				CLANG_ANALYZER_NUMBER_OBJECT_CONVERSION = YES_AGGRESSIVE;
				CLANG_CXX_LANGUAGE_STANDARD = "gnu++14";
				CLANG_CXX_LIBRARY = "libc++";
				CLANG_ENABLE_MODULES = YES;
				CLANG_ENABLE_OBJC_ARC = YES;
				CLANG_ENABLE_OBJC_WEAK = YES;
				CLANG_WARN_BLOCK_CAPTURE_AUTORELEASING = YES;
				CLANG_WARN_BOOL_CONVERSION = YES;
				CLANG_WARN_COMMA = YES;
				CLANG_WARN_CONSTANT_CONVERSION = YES;
				CLANG_WARN_DEPRECATED_OBJC_IMPLEMENTATIONS = YES;
				CLANG_WARN_DIRECT_OBJC_ISA_USAGE = YES_ERROR;
				CLANG_WARN_DOCUMENTATION_COMMENTS = YES;
				CLANG_WARN_EMPTY_BODY = YES;
				CLANG_WARN_ENUM_CONVERSION = YES;
				CLANG_WARN_INFINITE_RECURSION = YES;
				CLANG_WARN_INT_CONVERSION = YES;
				CLANG_WARN_NON_LITERAL_NULL_CONVERSION = YES;
				CLANG_WARN_OBJC_IMPLICIT_RETAIN_SELF = YES;
				CLANG_WARN_OBJC_LITERAL_CONVERSION = YES;
				CLANG_WARN_OBJC_ROOT_CLASS = YES_ERROR;
				CLANG_WARN_RANGE_LOOP_ANALYSIS = YES;
				CLANG_WARN_STRICT_PROTOTYPES = YES;
				CLANG_WARN_SUSPICIOUS_MOVE = YES;
				CLANG_WARN_UNGUARDED_AVAILABILITY = YES_AGGRESSIVE;
				CLANG_WARN_UNREACHABLE_CODE = YES;
				CLANG_WARN__DUPLICATE_METHOD_MATCH = YES;
				COPY_PHASE_STRIP = NO;
				DEBUG_INFORMATION_FORMAT = "dwarf-with-dsym";
				ENABLE_NS_ASSERTIONS = NO;
				ENABLE_STRICT_OBJC_MSGSEND = YES;
				GCC_C_LANGUAGE_STANDARD = gnu11;
				GCC_NO_COMMON_BLOCKS = YES;
				GCC_WARN_64_TO_32_BIT_CONVERSION = YES;
				GCC_WARN_ABOUT_RETURN_TYPE = YES_ERROR;
				GCC_WARN_UNDECLARED_SELECTOR = YES;
				GCC_WARN_UNINITIALIZED_AUTOS = YES_AGGRESSIVE;
				GCC_WARN_UNUSED_FUNCTION = YES;
				GCC_WARN_UNUSED_VARIABLE = YES;
				IPHONEOS_DEPLOYMENT_TARGET = 13.5;
				MTL_ENABLE_DEBUG_INFO = NO;
				MTL_FAST_MATH = YES;
				SDKROOT = iphoneos;
				SWIFT_COMPILATION_MODE = wholemodule;
				SWIFT_OPTIMIZATION_LEVEL = "-O";
				VALIDATE_PRODUCT = YES;
			};
			name = Release;
		};
		FB5CBF6E24ADCF1700FE8B23 /* Debug */ = {
			isa = XCBuildConfiguration;
			buildSettings = {
				ASSETCATALOG_COMPILER_APPICON_NAME = AppIcon;
				CODE_SIGN_STYLE = Automatic;
				DEVELOPMENT_TEAM = NZ2DB4Z6SM;
				INFOPLIST_FILE = "Tests For Teens/Info.plist";
				IPHONEOS_DEPLOYMENT_TARGET = 13.4;
				LD_RUNPATH_SEARCH_PATHS = (
					"$(inherited)",
					"@executable_path/Frameworks",
				);
				PRODUCT_BUNDLE_IDENTIFIER = "com.smriti.Tests-For-Teens";
				PRODUCT_NAME = "$(TARGET_NAME)";
				SWIFT_VERSION = 5.0;
				TARGETED_DEVICE_FAMILY = "1,2";
			};
			name = Debug;
		};
		FB5CBF6F24ADCF1700FE8B23 /* Release */ = {
			isa = XCBuildConfiguration;
			buildSettings = {
				ASSETCATALOG_COMPILER_APPICON_NAME = AppIcon;
				CODE_SIGN_STYLE = Automatic;
				DEVELOPMENT_TEAM = NZ2DB4Z6SM;
				INFOPLIST_FILE = "Tests For Teens/Info.plist";
				IPHONEOS_DEPLOYMENT_TARGET = 13.4;
				LD_RUNPATH_SEARCH_PATHS = (
					"$(inherited)",
					"@executable_path/Frameworks",
				);
				PRODUCT_BUNDLE_IDENTIFIER = "com.smriti.Tests-For-Teens";
				PRODUCT_NAME = "$(TARGET_NAME)";
				SWIFT_VERSION = 5.0;
				TARGETED_DEVICE_FAMILY = "1,2";
			};
			name = Release;
		};
/* End XCBuildConfiguration section */

/* Begin XCConfigurationList section */
		FB5CBF5424ADCF0C00FE8B23 /* Build configuration list for PBXProject "Tests For Teens" */ = {
			isa = XCConfigurationList;
			buildConfigurations = (
				FB5CBF6B24ADCF1700FE8B23 /* Debug */,
				FB5CBF6C24ADCF1700FE8B23 /* Release */,
			);
			defaultConfigurationIsVisible = 0;
			defaultConfigurationName = Release;
		};
		FB5CBF6D24ADCF1700FE8B23 /* Build configuration list for PBXNativeTarget "Tests For Teens" */ = {
			isa = XCConfigurationList;
			buildConfigurations = (
				FB5CBF6E24ADCF1700FE8B23 /* Debug */,
				FB5CBF6F24ADCF1700FE8B23 /* Release */,
			);
			defaultConfigurationIsVisible = 0;
			defaultConfigurationName = Release;
		};
/* End XCConfigurationList section */
	};
	rootObject = FB5CBF5124ADCF0C00FE8B23 /* Project object */;
}
